
Microsoft Visual Studio Solution File, Format Version 12.00
# Visual Studio Version 17
VisualStudioVersion = 17.3.32929.385
MinimumVisualStudioVersion = 10.0.40219.1
Project("{FAE04EC0-301F-11D3-BF4B-00C04F79EFBC}") = "Task50", "Task50\Task50.csproj", "{1C669DCB-705C-4AFC-B57D-923FE07B7B8A}"
EndProject
Global
	GlobalSection(SolutionConfigurationPlatforms) = preSolution
		Debug|Any CPU = Debug|Any CPU
		Release|Any CPU = Release|Any CPU
	EndGlobalSection
	GlobalSection(ProjectConfigurationPlatforms) = postSolution
		{1C669DCB-705C-4AFC-B57D-923FE07B7B8A}.Debug|Any CPU.ActiveCfg = Debug|Any CPU
		{1C669DCB-705C-4AFC-B57D-923FE07B7B8A}.Debug|Any CPU.Build.0 = Debug|Any CPU
		{1C669DCB-705C-4AFC-B57D-923FE07B7B8A}.Release|Any CPU.ActiveCfg = Release|Any CPU
		{1C669DCB-705C-4AFC-B57D-923FE07B7B8A}.Release|Any CPU.Build.0 = Release|Any CPU
	EndGlobalSection
	GlobalSection(SolutionProperties) = preSolution
		HideSolutionNode = FALSE
	EndGlobalSection
	GlobalSection(ExtensibilityGlobals) = postSolution
		SolutionGuid = {2D5B895F-6FAA-44A3-9D4A-C10A609E4D17}
	EndGlobalSection
EndGlobal
